
Microsoft Visual Studio Solution File, Format Version 12.00
Project("{FAE04EC0-301F-11D3-BF4B-00C04F79EFBC}") = "AzMoga2023", "AzMoga2023\AzMoga2023.csproj", "{3F646629-0FA9-46E5-A580-699A75692962}"
EndProject
Global
	GlobalSection(SolutionConfigurationPlatforms) = preSolution
		Debug|Any CPU = Debug|Any CPU
		Release|Any CPU = Release|Any CPU
	EndGlobalSection
	GlobalSection(ProjectConfigurationPlatforms) = postSolution
		{3F646629-0FA9-46E5-A580-699A75692962}.Debug|Any CPU.ActiveCfg = Debug|Any CPU
		{3F646629-0FA9-46E5-A580-699A75692962}.Debug|Any CPU.Build.0 = Debug|Any CPU
		{3F646629-0FA9-46E5-A580-699A75692962}.Release|Any CPU.ActiveCfg = Release|Any CPU
		{3F646629-0FA9-46E5-A580-699A75692962}.Release|Any CPU.Build.0 = Release|Any CPU
	EndGlobalSection
EndGlobal
